// !$*UTF8*$!
{
	archiveVersion = 1;
	classes = {
	};
	objectVersion = 56;
	objects = {

/* Begin PBXBuildFile section */
		08AAF98629DB4ACB0021438E /* AppDelegate.swift in Sources */ = {isa = PBXBuildFile; fileRef = 08AAF98529DB4ACB0021438E /* AppDelegate.swift */; };
		08AAF98829DB4ACB0021438E /* SceneDelegate.swift in Sources */ = {isa = PBXBuildFile; fileRef = 08AAF98729DB4ACB0021438E /* SceneDelegate.swift */; };
		08AAF98A29DB4ACB0021438E /* ViewController.swift in Sources */ = {isa = PBXBuildFile; fileRef = 08AAF98929DB4ACB0021438E /* ViewController.swift */; };
		08AAF98D29DB4ACB0021438E /* Main.storyboard in Resources */ = {isa = PBXBuildFile; fileRef = 08AAF98B29DB4ACB0021438E /* Main.storyboard */; };
		08AAF99029DB4ACB0021438E /* CoreDataNSSortDescriptor.xcdatamodeld in Sources */ = {isa = PBXBuildFile; fileRef = 08AAF98E29DB4ACB0021438E /* CoreDataNSSortDescriptor.xcdatamodeld */; };
		08AAF99229DB4ACD0021438E /* Assets.xcassets in Resources */ = {isa = PBXBuildFile; fileRef = 08AAF99129DB4ACD0021438E /* Assets.xcassets */; };
		08AAF99529DB4ACD0021438E /* LaunchScreen.storyboard in Resources */ = {isa = PBXBuildFile; fileRef = 08AAF99329DB4ACD0021438E /* LaunchScreen.storyboard */; };
/* End PBXBuildFile section */

/* Begin PBXFileReference section */
		08AAF98229DB4ACB0021438E /* CoreDataNSSortDescriptor.app */ = {isa = PBXFileReference; explicitFileType = wrapper.application; includeInIndex = 0; path = CoreDataNSSortDescriptor.app; sourceTree = BUILT_PRODUCTS_DIR; };
		08AAF98529DB4ACB0021438E /* AppDelegate.swift */ = {isa = PBXFileReference; lastKnownFileType = sourcecode.swift; path = AppDelegate.swift; sourceTree = "<group>"; };
		08AAF98729DB4ACB0021438E /* SceneDelegate.swift */ = {isa = PBXFileReference; lastKnownFileType = sourcecode.swift; path = SceneDelegate.swift; sourceTree = "<group>"; };
		08AAF98929DB4ACB0021438E /* ViewController.swift */ = {isa = PBXFileReference; lastKnownFileType = sourcecode.swift; path = ViewController.swift; sourceTree = "<group>"; };
		08AAF98C29DB4ACB0021438E /* Base */ = {isa = PBXFileReference; lastKnownFileType = file.storyboard; name = Base; path = Base.lproj/Main.storyboard; sourceTree = "<group>"; };
		08AAF98F29DB4ACB0021438E /* CoreDataNSSortDescriptor.xcdatamodel */ = {isa = PBXFileReference; lastKnownFileType = wrapper.xcdatamodel; path = CoreDataNSSortDescriptor.xcdatamodel; sourceTree = "<group>"; };
		08AAF99129DB4ACD0021438E /* Assets.xcassets */ = {isa = PBXFileReference; lastKnownFileType = folder.assetcatalog; path = Assets.xcassets; sourceTree = "<group>"; };
		08AAF99429DB4ACD0021438E /* Base */ = {isa = PBXFileReference; lastKnownFileType = file.storyboard; name = Base; path = Base.lproj/LaunchScreen.storyboard; sourceTree = "<group>"; };
		08AAF99629DB4ACD0021438E /* Info.plist */ = {isa = PBXFileReference; lastKnownFileType = text.plist.xml; path = Info.plist; sourceTree = "<group>"; };
/* End PBXFileReference section */

/* Begin PBXFrameworksBuildPhase section */
		08AAF97F29DB4ACB0021438E /* Frameworks */ = {
			isa = PBXFrameworksBuildPhase;
			buildActionMask = 2147483647;
			files = (
			);
			runOnlyForDeploymentPostprocessing = 0;
		};
/* End PBXFrameworksBuildPhase section */

/* Begin PBXGroup section */
		08AAF97929DB4ACB0021438E = {
			isa = PBXGroup;
			children = (
				08AAF98429DB4ACB0021438E /* CoreDataNSSortDescriptor */,
				08AAF98329DB4ACB0021438E /* Products */,
			);
			sourceTree = "<group>";
		};
		08AAF98329DB4ACB0021438E /* Products */ = {
			isa = PBXGroup;
			children = (
				08AAF98229DB4ACB0021438E /* CoreDataNSSortDescriptor.app */,
			);
			name = Products;
			sourceTree = "<group>";
		};
		08AAF98429DB4ACB0021438E /* CoreDataNSSortDescriptor */ = {
			isa = PBXGroup;
			children = (
				08AAF98529DB4ACB0021438E /* AppDelegate.swift */,
				08AAF98729DB4ACB0021438E /* SceneDelegate.swift */,
				08AAF98929DB4ACB0021438E /* ViewController.swift */,
				08AAF98B29DB4ACB0021438E /* Main.storyboard */,
				08AAF99129DB4ACD0021438E /* Assets.xcassets */,
				08AAF99329DB4ACD0021438E /* LaunchScreen.storyboard */,
				08AAF99629DB4ACD0021438E /* Info.plist */,
				08AAF98E29DB4ACB0021438E /* CoreDataNSSortDescriptor.xcdatamodeld */,
			);
			path = CoreDataNSSortDescriptor;
			sourceTree = "<group>";
		};
/* End PBXGroup section */

/* Begin PBXNativeTarget section */
		08AAF98129DB4ACB0021438E /* CoreDataNSSortDescriptor */ = {
			isa = PBXNativeTarget;
			buildConfigurationList = 08AAF99929DB4ACD0021438E /* Build configuration list for PBXNativeTarget "CoreDataNSSortDescriptor" */;
			buildPhases = (
				08AAF97E29DB4ACB0021438E /* Sources */,
				08AAF97F29DB4ACB0021438E /* Frameworks */,
				08AAF98029DB4ACB0021438E /* Resources */,
			);
			buildRules = (
			);
			dependencies = (
			);
			name = CoreDataNSSortDescriptor;
			productName = CoreDataNSSortDescriptor;
			productReference = 08AAF98229DB4ACB0021438E /* CoreDataNSSortDescriptor.app */;
			productType = "com.apple.product-type.application";
		};
/* End PBXNativeTarget section */

/* Begin PBXProject section */
		08AAF97A29DB4ACB0021438E /* Project object */ = {
			isa = PBXProject;
			attributes = {
				BuildIndependentTargetsInParallel = 1;
				LastSwiftUpdateCheck = 1430;
				LastUpgradeCheck = 1430;
				TargetAttributes = {
					08AAF98129DB4ACB0021438E = {
						CreatedOnToolsVersion = 14.3;
					};
				};
			};
			buildConfigurationList = 08AAF97D29DB4ACB0021438E /* Build configuration list for PBXProject "CoreDataNSSortDescriptor" */;
			compatibilityVersion = "Xcode 14.0";
			developmentRegion = en;
			hasScannedForEncodings = 0;
			knownRegions = (
				en,
				Base,
			);
			mainGroup = 08AAF97929DB4ACB0021438E;
			productRefGroup = 08AAF98329DB4ACB0021438E /* Products */;
			projectDirPath = "";
			projectRoot = "";
			targets = (
				08AAF98129DB4ACB0021438E /* CoreDataNSSortDescriptor */,
			);
		};
/* End PBXProject section */

/* Begin PBXResourcesBuildPhase section */
		08AAF98029DB4ACB0021438E /* Resources */ = {
			isa = PBXResourcesBuildPhase;
			buildActionMask = 2147483647;
			files = (
				08AAF99529DB4ACD0021438E /* LaunchScreen.storyboard in Resources */,
				08AAF99229DB4ACD0021438E /* Assets.xcassets in Resources */,
				08AAF98D29DB4ACB0021438E /* Main.storyboard in Resources */,
			);
			runOnlyForDeploymentPostprocessing = 0;
		};
/* End PBXResourcesBuildPhase section */

/* Begin PBXSourcesBuildPhase section */
		08AAF97E29DB4ACB0021438E /* Sources */ = {
			isa = PBXSourcesBuildPhase;
			buildActionMask = 2147483647;
			files = (
				08AAF99029DB4ACB0021438E /* CoreDataNSSortDescriptor.xcdatamodeld in Sources */,
				08AAF98A29DB4ACB0021438E /* ViewController.swift in Sources */,
				08AAF98629DB4ACB0021438E /* AppDelegate.swift in Sources */,
				08AAF98829DB4ACB0021438E /* SceneDelegate.swift in Sources */,
			);
			runOnlyForDeploymentPostprocessing = 0;
		};
/* End PBXSourcesBuildPhase section */

/* Begin PBXVariantGroup section */
		08AAF98B29DB4ACB0021438E /* Main.storyboard */ = {
			isa = PBXVariantGroup;
			children = (
				08AAF98C29DB4ACB0021438E /* Base */,
			);
			name = Main.storyboard;
			sourceTree = "<group>";
		};
		08AAF99329DB4ACD0021438E /* LaunchScreen.storyboard */ = {
			isa = PBXVariantGroup;
			children = (
				08AAF99429DB4ACD0021438E /* Base */,
			);
			name = LaunchScreen.storyboard;
			sourceTree = "<group>";
		};
/* End PBXVariantGroup section */

/* Begin XCBuildConfiguration section */
		08AAF99729DB4ACD0021438E /* Debug */ = {
			isa = XCBuildConfiguration;
			buildSettings = {
				ALWAYS_SEARCH_USER_PATHS = NO;
				CLANG_ANALYZER_NONNULL = YES;
				CLANG_ANALYZER_NUMBER_OBJECT_CONVERSION = YES_AGGRESSIVE;
				CLANG_CXX_LANGUAGE_STANDARD = "gnu++20";
				CLANG_ENABLE_MODULES = YES;
				CLANG_ENABLE_OBJC_ARC = YES;
				CLANG_ENABLE_OBJC_WEAK = YES;
				CLANG_WARN_BLOCK_CAPTURE_AUTORELEASING = YES;
				CLANG_WARN_BOOL_CONVERSION = YES;
				CLANG_WARN_COMMA = YES;
				CLANG_WARN_CONSTANT_CONVERSION = YES;
				CLANG_WARN_DEPRECATED_OBJC_IMPLEMENTATIONS = YES;
				CLANG_WARN_DIRECT_OBJC_ISA_USAGE = YES_ERROR;
				CLANG_WARN_DOCUMENTATION_COMMENTS = YES;
				CLANG_WARN_EMPTY_BODY = YES;
				CLANG_WARN_ENUM_CONVERSION = YES;
				CLANG_WARN_INFINITE_RECURSION = YES;
				CLANG_WARN_INT_CONVERSION = YES;
				CLANG_WARN_NON_LITERAL_NULL_CONVERSION = YES;
				CLANG_WARN_OBJC_IMPLICIT_RETAIN_SELF = YES;
				CLANG_WARN_OBJC_LITERAL_CONVERSION = YES;
				CLANG_WARN_OBJC_ROOT_CLASS = YES_ERROR;
				CLANG_WARN_QUOTED_INCLUDE_IN_FRAMEWORK_HEADER = YES;
				CLANG_WARN_RANGE_LOOP_ANALYSIS = YES;
				CLANG_WARN_STRICT_PROTOTYPES = YES;
				CLANG_WARN_SUSPICIOUS_MOVE = YES;
				CLANG_WARN_UNGUARDED_AVAILABILITY = YES_AGGRESSIVE;
				CLANG_WARN_UNREACHABLE_CODE = YES;
				CLANG_WARN__DUPLICATE_METHOD_MATCH = YES;
				COPY_PHASE_STRIP = NO;
				DEBUG_INFORMATION_FORMAT = dwarf;
				ENABLE_STRICT_OBJC_MSGSEND = YES;
				ENABLE_TESTABILITY = YES;
				GCC_C_LANGUAGE_STANDARD = gnu11;
				GCC_DYNAMIC_NO_PIC = NO;
				GCC_NO_COMMON_BLOCKS = YES;
				GCC_OPTIMIZATION_LEVEL = 0;
				GCC_PREPROCESSOR_DEFINITIONS = (
					"DEBUG=1",
					"$(inherited)",
				);
				GCC_WARN_64_TO_32_BIT_CONVERSION = YES;
				GCC_WARN_ABOUT_RETURN_TYPE = YES_ERROR;
				GCC_WARN_UNDECLARED_SELECTOR = YES;
				GCC_WARN_UNINITIALIZED_AUTOS = YES_AGGRESSIVE;
				GCC_WARN_UNUSED_FUNCTION = YES;
				GCC_WARN_UNUSED_VARIABLE = YES;
				IPHONEOS_DEPLOYMENT_TARGET = 16.4;
				MTL_ENABLE_DEBUG_INFO = INCLUDE_SOURCE;
				MTL_FAST_MATH = YES;
				ONLY_ACTIVE_ARCH = YES;
				SDKROOT = iphoneos;
				SWIFT_ACTIVE_COMPILATION_CONDITIONS = DEBUG;
				SWIFT_OPTIMIZATION_LEVEL = "-Onone";
			};
			name = Debug;
		};
		08AAF99829DB4ACD0021438E /* Release */ = {
			isa = XCBuildConfiguration;
			buildSettings = {
				ALWAYS_SEARCH_USER_PATHS = NO;
				CLANG_ANALYZER_NONNULL = YES;
				CLANG_ANALYZER_NUMBER_OBJECT_CONVERSION = YES_AGGRESSIVE;
				CLANG_CXX_LANGUAGE_STANDARD = "gnu++20";
				CLANG_ENABLE_MODULES = YES;
				CLANG_ENABLE_OBJC_ARC = YES;
				CLANG_ENABLE_OBJC_WEAK = YES;
				CLANG_WARN_BLOCK_CAPTURE_AUTORELEASING = YES;
				CLANG_WARN_BOOL_CONVERSION = YES;
				CLANG_WARN_COMMA = YES;
				CLANG_WARN_CONSTANT_CONVERSION = YES;
				CLANG_WARN_DEPRECATED_OBJC_IMPLEMENTATIONS = YES;
				CLANG_WARN_DIRECT_OBJC_ISA_USAGE = YES_ERROR;
				CLANG_WARN_DOCUMENTATION_COMMENTS = YES;
				CLANG_WARN_EMPTY_BODY = YES;
				CLANG_WARN_ENUM_CONVERSION = YES;
				CLANG_WARN_INFINITE_RECURSION = YES;
				CLANG_WARN_INT_CONVERSION = YES;
				CLANG_WARN_NON_LITERAL_NULL_CONVERSION = YES;
				CLANG_WARN_OBJC_IMPLICIT_RETAIN_SELF = YES;
				CLANG_WARN_OBJC_LITERAL_CONVERSION = YES;
				CLANG_WARN_OBJC_ROOT_CLASS = YES_ERROR;
				CLANG_WARN_QUOTED_INCLUDE_IN_FRAMEWORK_HEADER = YES;
				CLANG_WARN_RANGE_LOOP_ANALYSIS = YES;
				CLANG_WARN_STRICT_PROTOTYPES = YES;
				CLANG_WARN_SUSPICIOUS_MOVE = YES;
				CLANG_WARN_UNGUARDED_AVAILABILITY = YES_AGGRESSIVE;
				CLANG_WARN_UNREACHABLE_CODE = YES;
				CLANG_WARN__DUPLICATE_METHOD_MATCH = YES;
				COPY_PHASE_STRIP = NO;
				DEBUG_INFORMATION_FORMAT = "dwarf-with-dsym";
				ENABLE_NS_ASSERTIONS = NO;
				ENABLE_STRICT_OBJC_MSGSEND = YES;
				GCC_C_LANGUAGE_STANDARD = gnu11;
				GCC_NO_COMMON_BLOCKS = YES;
				GCC_WARN_64_TO_32_BIT_CONVERSION = YES;
				GCC_WARN_ABOUT_RETURN_TYPE = YES_ERROR;
				GCC_WARN_UNDECLARED_SELECTOR = YES;
				GCC_WARN_UNINITIALIZED_AUTOS = YES_AGGRESSIVE;
				GCC_WARN_UNUSED_FUNCTION = YES;
				GCC_WARN_UNUSED_VARIABLE = YES;
				IPHONEOS_DEPLOYMENT_TARGET = 16.4;
				MTL_ENABLE_DEBUG_INFO = NO;
				MTL_FAST_MATH = YES;
				SDKROOT = iphoneos;
				SWIFT_COMPILATION_MODE = wholemodule;
				SWIFT_OPTIMIZATION_LEVEL = "-O";
				VALIDATE_PRODUCT = YES;
			};
			name = Release;
		};
		08AAF99A29DB4ACD0021438E /* Debug */ = {
			isa = XCBuildConfiguration;
			buildSettings = {
				ASSETCATALOG_COMPILER_APPICON_NAME = AppIcon;
				ASSETCATALOG_COMPILER_GLOBAL_ACCENT_COLOR_NAME = AccentColor;
				CODE_SIGN_STYLE = Automatic;
				CURRENT_PROJECT_VERSION = 1;
				DEVELOPMENT_TEAM = S98769RWBA;
				GENERATE_INFOPLIST_FILE = YES;
				INFOPLIST_FILE = CoreDataNSSortDescriptor/Info.plist;
				INFOPLIST_KEY_UIApplicationSupportsIndirectInputEvents = YES;
				INFOPLIST_KEY_UILaunchStoryboardName = LaunchScreen;
				INFOPLIST_KEY_UIMainStoryboardFile = Main;
				INFOPLIST_KEY_UISupportedInterfaceOrientations_iPad = "UIInterfaceOrientationPortrait UIInterfaceOrientationPortraitUpsideDown UIInterfaceOrientationLandscapeLeft UIInterfaceOrientationLandscapeRight";
				INFOPLIST_KEY_UISupportedInterfaceOrientations_iPhone = "UIInterfaceOrientationPortrait UIInterfaceOrientationLandscapeLeft UIInterfaceOrientationLandscapeRight";
				LD_RUNPATH_SEARCH_PATHS = (
					"$(inherited)",
					"@executable_path/Frameworks",
				);
				MARKETING_VERSION = 1.0;
				PRODUCT_BUNDLE_IDENTIFIER = ivanjko.CoreDataNSSortDescriptor;
				PRODUCT_NAME = "$(TARGET_NAME)";
				SWIFT_EMIT_LOC_STRINGS = YES;
				SWIFT_VERSION = 5.0;
				TARGETED_DEVICE_FAMILY = "1,2";
			};
			name = Debug;
		};
		08AAF99B29DB4ACD0021438E /* Release */ = {
			isa = XCBuildConfiguration;
			buildSettings = {
				ASSETCATALOG_COMPILER_APPICON_NAME = AppIcon;
				ASSETCATALOG_COMPILER_GLOBAL_ACCENT_COLOR_NAME = AccentColor;
				CODE_SIGN_STYLE = Automatic;
				CURRENT_PROJECT_VERSION = 1;
				DEVELOPMENT_TEAM = S98769RWBA;
				GENERATE_INFOPLIST_FILE = YES;
				INFOPLIST_FILE = CoreDataNSSortDescriptor/Info.plist;
				INFOPLIST_KEY_UIApplicationSupportsIndirectInputEvents = YES;
				INFOPLIST_KEY_UILaunchStoryboardName = LaunchScreen;
				INFOPLIST_KEY_UIMainStoryboardFile = Main;
				INFOPLIST_KEY_UISupportedInterfaceOrientations_iPad = "UIInterfaceOrientationPortrait UIInterfaceOrientationPortraitUpsideDown UIInterfaceOrientationLandscapeLeft UIInterfaceOrientationLandscapeRight";
				INFOPLIST_KEY_UISupportedInterfaceOrientations_iPhone = "UIInterfaceOrientationPortrait UIInterfaceOrientationLandscapeLeft UIInterfaceOrientationLandscapeRight";
				LD_RUNPATH_SEARCH_PATHS = (
					"$(inherited)",
					"@executable_path/Frameworks",
				);
				MARKETING_VERSION = 1.0;
				PRODUCT_BUNDLE_IDENTIFIER = ivanjko.CoreDataNSSortDescriptor;
				PRODUCT_NAME = "$(TARGET_NAME)";
				SWIFT_EMIT_LOC_STRINGS = YES;
				SWIFT_VERSION = 5.0;
				TARGETED_DEVICE_FAMILY = "1,2";
			};
			name = Release;
		};
/* End XCBuildConfiguration section */

/* Begin XCConfigurationList section */
		08AAF97D29DB4ACB0021438E /* Build configuration list for PBXProject "CoreDataNSSortDescriptor" */ = {
			isa = XCConfigurationList;
			buildConfigurations = (
				08AAF99729DB4ACD0021438E /* Debug */,
				08AAF99829DB4ACD0021438E /* Release */,
			);
			defaultConfigurationIsVisible = 0;
			defaultConfigurationName = Release;
		};
		08AAF99929DB4ACD0021438E /* Build configuration list for PBXNativeTarget "CoreDataNSSortDescriptor" */ = {
			isa = XCConfigurationList;
			buildConfigurations = (
				08AAF99A29DB4ACD0021438E /* Debug */,
				08AAF99B29DB4ACD0021438E /* Release */,
			);
			defaultConfigurationIsVisible = 0;
			defaultConfigurationName = Release;
		};
/* End XCConfigurationList section */

/* Begin XCVersionGroup section */
		08AAF98E29DB4ACB0021438E /* CoreDataNSSortDescriptor.xcdatamodeld */ = {
			isa = XCVersionGroup;
			children = (
				08AAF98F29DB4ACB0021438E /* CoreDataNSSortDescriptor.xcdatamodel */,
			);
			currentVersion = 08AAF98F29DB4ACB0021438E /* CoreDataNSSortDescriptor.xcdatamodel */;
			path = CoreDataNSSortDescriptor.xcdatamodeld;
			sourceTree = "<group>";
			versionGroupType = wrapper.xcdatamodel;
		};
/* End XCVersionGroup section */
	};
	rootObject = 08AAF97A29DB4ACB0021438E /* Project object */;
}
